# This file is autogenerated, do not edit; changes may be undone by the next 'dep ensure'.


[[projects]]
  name = "github.com/BurntSushi/toml"
  packages = ["."]
  revision = "b26d9c308763d68093482582cea63d69be07a0f0"
  version = "v0.3.0"

[[projects]]
  branch = "master"
  name = "github.com/StackExchange/wmi"
  packages = ["."]
  revision = "5d049714c4a64225c3c79a7cf7d02f7fb5b96338"

[[projects]]
  name = "github.com/go-ole/go-ole"
  packages = [
    ".",
    "oleutil"
  ]
  revision = "a41e3c4b706f6ae8dfbff342b06e40fa4d2d0506"
  version = "v1.2.1"

[[projects]]
  name = "github.com/google/gopacket"
  packages = [
    ".",
    "layers",
    "pcap"
  ]
  revision = "11c65f1ca9081dfea43b4f9643f5c155583b73ba"
  version = "v1.1.14"

[[projects]]
  branch = "master"
  name = "github.com/kardianos/osext"
  packages = ["."]
  revision = "ae77be60afb1dcacde03767a8c37337fad28ac14"

[[projects]]
  branch = "master"
  name = "github.com/kardianos/service"
  packages = ["."]
  revision = "89346fbadecfd8c0ca98cfd31523f8eba9b4abbf"

[[projects]]
  branch = "master"
  name = "github.com/lodastack/log"
  packages = ["."]
  revision = "b25a4d2e8c2235ee21a1663198a4b26c7f7b4aaa"

[[projects]]
  branch = "master"
  name = "github.com/lodastack/models"
  packages = ["."]
  revision = "a657bc0c06c6de801eab3d8d146808406e9d21b6"

[[projects]]
  branch = "master"
  name = "github.com/lodastack/nux"
  packages = ["."]
  revision = "6268ebcfc392dcca82cf3d278f6166c1f9c0fa03"

[[projects]]
  name = "github.com/mozillazg/go-pinyin"
  packages = ["."]
  revision = "ff1ea6f92b184d58c766c60f96a7a9b5f30fb092"
  version = "v0.12.0"

[[projects]]
  name = "github.com/oiooj/cli"
  packages = ["."]
  revision = "565493f259bf868adb54d45d5f4c68d405117adf"
  version = "v1.2.0"

[[projects]]
  name = "github.com/shirou/gopsutil"
  packages = [
    "cpu",
    "disk",
    "internal/common",
    "mem",
    "net"
  ]
  revision = "c432be29ccce470088d07eea25b3ea7e68a8afbb"
  version = "v2.18.01"

[[projects]]
  branch = "master"
  name = "github.com/toolkits/file"
  packages = ["."]
  revision = "a5b3c5147e07f934d9f9d00b901a20b2529f1a57"

[[projects]]
  branch = "master"
  name = "golang.org/x/sys"
  packages = [
    "unix",
    "windows",
    "windows/registry",
    "windows/svc",
    "windows/svc/eventlog",
    "windows/svc/mgr"
  ]
  revision = "37707fdb30a5b38865cfb95e5aab41707daec7fd"

[solve-meta]
  analyzer-name = "dep"
  analyzer-version = 1
  inputs-digest = "ea70370d9beacafcf9858d223198839eec260c6683af4483373bafe02915dae7"
  solver-name = "gps-cdcl"
  solver-version = 1
